Microsoft Visual Studio Solution File, Format Version 12.00
# Visual Studio Version 17
VisualStudioVersion = 17.5.2.0
MinimumVisualStudioVersion = 10.0.40219.1
Project("{FAE04EC0-301F-11D3-BF4B-00C04F79EFBC}") = "QuizupAPI", "QuizupAPI.csproj", "{0A59F91B-DF1B-4CF1-944B-B41DA053A10F}"
EndProject
Global
	GlobalSection(SolutionConfigurationPlatforms) = preSolution
		Debug|Any CPU = Debug|Any CPU
		Release|Any CPU = Release|Any CPU
	EndGlobalSection
	GlobalSection(ProjectConfigurationPlatforms) = postSolution
		{0A59F91B-DF1B-4CF1-944B-B41DA053A10F}.Debug|Any CPU.ActiveCfg = Debug|Any CPU
		{0A59F91B-DF1B-4CF1-944B-B41DA053A10F}.Debug|Any CPU.Build.0 = Debug|Any CPU
		{0A59F91B-DF1B-4CF1-944B-B41DA053A10F}.Release|Any CPU.ActiveCfg = Release|Any CPU
		{0A59F91B-DF1B-4CF1-944B-B41DA053A10F}.Release|Any CPU.Build.0 = Release|Any CPU
	EndGlobalSection
	GlobalSection(SolutionProperties) = preSolution
		HideSolutionNode = FALSE
	EndGlobalSection
	GlobalSection(ExtensibilityGlobals) = postSolution
		SolutionGuid = {FD14C758-C26D-42FD-9CCE-D07430019D00}
	EndGlobalSection
EndGlobal
